
Microsoft Visual Studio Solution File, Format Version 12.00
# Visual Studio Version 16
VisualStudioVersion = 16.0.35130.168
MinimumVisualStudioVersion = 10.0.40219.1
Project("{888888A0-9F3D-457C-B088-3A5042F75D52}") = "BST", "BST\BST.pyproj", "{83A02C64-2FC5-4D8E-A95E-A38778F9FE49}"
EndProject
Global
	GlobalSection(SolutionConfigurationPlatforms) = preSolution
		Debug|Any CPU = Debug|Any CPU
		Release|Any CPU = Release|Any CPU
	EndGlobalSection
	GlobalSection(ProjectConfigurationPlatforms) = postSolution
		{83A02C64-2FC5-4D8E-A95E-A38778F9FE49}.Debug|Any CPU.ActiveCfg = Debug|Any CPU
		{83A02C64-2FC5-4D8E-A95E-A38778F9FE49}.Release|Any CPU.ActiveCfg = Release|Any CPU
	EndGlobalSection
	GlobalSection(SolutionProperties) = preSolution
		HideSolutionNode = FALSE
	EndGlobalSection
	GlobalSection(ExtensibilityGlobals) = postSolution
		SolutionGuid = {5A96CEB0-5B47-4E63-83D2-61C04DFE4AA4}
	EndGlobalSection
EndGlobal
